
Microsoft Visual Studio Solution File, Format Version 12.00
# Visual Studio 14
VisualStudioVersion = 14.0.25420.1
MinimumVisualStudioVersion = 10.0.40219.1
Project("{FAE04EC0-301F-11D3-BF4B-00C04F79EFBC}") = "Task1", "Task1\Task1.csproj", "{0EA43D7F-575D-4404-9E0B-2CDEA32EE569}"
EndProject
Project("{FAE04EC0-301F-11D3-BF4B-00C04F79EFBC}") = "Task1.Tests", "Task1.Tests\Task1.Tests.csproj", "{DFF79C0B-C89B-409F-8A42-5F2A65588FC5}"
EndProject
Project("{FAE04EC0-301F-11D3-BF4B-00C04F79EFBC}") = "Task2", "Task2\Task2.csproj", "{7FAD0D0B-4820-407E-9576-CBC4DEDE50D1}"
EndProject
Project("{FAE04EC0-301F-11D3-BF4B-00C04F79EFBC}") = "Task2Tests", "Task2Tests\Task2Tests.csproj", "{3E3C4BCB-771F-46E4-8048-85900CA5A72D}"
EndProject
Global
	GlobalSection(SolutionConfigurationPlatforms) = preSolution
		Debug|Any CPU = Debug|Any CPU
		Release|Any CPU = Release|Any CPU
	EndGlobalSection
	GlobalSection(ProjectConfigurationPlatforms) = postSolution
		{0EA43D7F-575D-4404-9E0B-2CDEA32EE569}.Debug|Any CPU.ActiveCfg = Debug|Any CPU
		{0EA43D7F-575D-4404-9E0B-2CDEA32EE569}.Debug|Any CPU.Build.0 = Debug|Any CPU
		{0EA43D7F-575D-4404-9E0B-2CDEA32EE569}.Release|Any CPU.ActiveCfg = Release|Any CPU
		{0EA43D7F-575D-4404-9E0B-2CDEA32EE569}.Release|Any CPU.Build.0 = Release|Any CPU
		{DFF79C0B-C89B-409F-8A42-5F2A65588FC5}.Debug|Any CPU.ActiveCfg = Debug|Any CPU
		{DFF79C0B-C89B-409F-8A42-5F2A65588FC5}.Debug|Any CPU.Build.0 = Debug|Any CPU
		{DFF79C0B-C89B-409F-8A42-5F2A65588FC5}.Release|Any CPU.ActiveCfg = Release|Any CPU
		{DFF79C0B-C89B-409F-8A42-5F2A65588FC5}.Release|Any CPU.Build.0 = Release|Any CPU
		{7FAD0D0B-4820-407E-9576-CBC4DEDE50D1}.Debug|Any CPU.ActiveCfg = Debug|Any CPU
		{7FAD0D0B-4820-407E-9576-CBC4DEDE50D1}.Debug|Any CPU.Build.0 = Debug|Any CPU
		{7FAD0D0B-4820-407E-9576-CBC4DEDE50D1}.Release|Any CPU.ActiveCfg = Release|Any CPU
		{7FAD0D0B-4820-407E-9576-CBC4DEDE50D1}.Release|Any CPU.Build.0 = Release|Any CPU
		{3E3C4BCB-771F-46E4-8048-85900CA5A72D}.Debug|Any CPU.ActiveCfg = Debug|Any CPU
		{3E3C4BCB-771F-46E4-8048-85900CA5A72D}.Debug|Any CPU.Build.0 = Debug|Any CPU
		{3E3C4BCB-771F-46E4-8048-85900CA5A72D}.Release|Any CPU.ActiveCfg = Release|Any CPU
		{3E3C4BCB-771F-46E4-8048-85900CA5A72D}.Release|Any CPU.Build.0 = Release|Any CPU
	EndGlobalSection
	GlobalSection(SolutionProperties) = preSolution
		HideSolutionNode = FALSE
	EndGlobalSection
EndGlobal
